
Microsoft Visual Studio Solution File, Format Version 12.00
# Visual Studio 15
VisualStudioVersion = 15.0.26430.15
MinimumVisualStudioVersion = 10.0.40219.1
Project("{FAE04EC0-301F-11D3-BF4B-00C04F79EFBC}") = "EmployeeServiceTrialTwo", "EmployeeServiceTrialTwo\EmployeeServiceTrialTwo.csproj", "{F75E7B2E-CAB0-483A-A46A-74938967C0C4}"
EndProject
Project("{FAE04EC0-301F-11D3-BF4B-00C04F79EFBC}") = "EmployeeDataAccess", "EmployeeDataAccess\EmployeeDataAccess.csproj", "{CA789AB0-FF9D-4CDB-AFC9-FF011A3D2150}"
EndProject
Project("{FAE04EC0-301F-11D3-BF4B-00C04F79EFBC}") = "Entities", "Entities\Entities.csproj", "{63C9C735-1BA4-4119-B476-3E165E39E5E6}"
EndProject
Project("{FAE04EC0-301F-11D3-BF4B-00C04F79EFBC}") = "ClientApplication", "ClientApplication\ClientApplication.csproj", "{EA30BBAA-24E0-40A1-A74A-EB87F5E405F9}"
EndProject
Global
	GlobalSection(SolutionConfigurationPlatforms) = preSolution
		Debug|Any CPU = Debug|Any CPU
		Release|Any CPU = Release|Any CPU
	EndGlobalSection
	GlobalSection(ProjectConfigurationPlatforms) = postSolution
		{F75E7B2E-CAB0-483A-A46A-74938967C0C4}.Debug|Any CPU.ActiveCfg = Debug|Any CPU
		{F75E7B2E-CAB0-483A-A46A-74938967C0C4}.Debug|Any CPU.Build.0 = Debug|Any CPU
		{F75E7B2E-CAB0-483A-A46A-74938967C0C4}.Release|Any CPU.ActiveCfg = Release|Any CPU
		{F75E7B2E-CAB0-483A-A46A-74938967C0C4}.Release|Any CPU.Build.0 = Release|Any CPU
		{CA789AB0-FF9D-4CDB-AFC9-FF011A3D2150}.Debug|Any CPU.ActiveCfg = Debug|Any CPU
		{CA789AB0-FF9D-4CDB-AFC9-FF011A3D2150}.Debug|Any CPU.Build.0 = Debug|Any CPU
		{CA789AB0-FF9D-4CDB-AFC9-FF011A3D2150}.Release|Any CPU.ActiveCfg = Release|Any CPU
		{CA789AB0-FF9D-4CDB-AFC9-FF011A3D2150}.Release|Any CPU.Build.0 = Release|Any CPU
		{63C9C735-1BA4-4119-B476-3E165E39E5E6}.Debug|Any CPU.ActiveCfg = Debug|Any CPU
		{63C9C735-1BA4-4119-B476-3E165E39E5E6}.Debug|Any CPU.Build.0 = Debug|Any CPU
		{63C9C735-1BA4-4119-B476-3E165E39E5E6}.Release|Any CPU.ActiveCfg = Release|Any CPU
		{63C9C735-1BA4-4119-B476-3E165E39E5E6}.Release|Any CPU.Build.0 = Release|Any CPU
		{EA30BBAA-24E0-40A1-A74A-EB87F5E405F9}.Debug|Any CPU.ActiveCfg = Debug|Any CPU
		{EA30BBAA-24E0-40A1-A74A-EB87F5E405F9}.Debug|Any CPU.Build.0 = Debug|Any CPU
		{EA30BBAA-24E0-40A1-A74A-EB87F5E405F9}.Release|Any CPU.ActiveCfg = Release|Any CPU
		{EA30BBAA-24E0-40A1-A74A-EB87F5E405F9}.Release|Any CPU.Build.0 = Release|Any CPU
	EndGlobalSection
	GlobalSection(SolutionProperties) = preSolution
		HideSolutionNode = FALSE
	EndGlobalSection
EndGlobal
