
Microsoft Visual Studio Solution File, Format Version 12.00
# Visual Studio 15
VisualStudioVersion = 15.0.26430.15
MinimumVisualStudioVersion = 10.0.40219.1
Project("{FAE04EC0-301F-11D3-BF4B-00C04F79EFBC}") = "HttpsTest", "HttpsTest\HttpsTest.csproj", "{498D3624-C2D8-4EB2-B34D-6AD5C8FDA77A}"
EndProject
Project("{FAE04EC0-301F-11D3-BF4B-00C04F79EFBC}") = "Entities", "EntityDataModel\Entities.csproj", "{2C16A42C-8587-46D1-9AC7-4F4BBED180C5}"
EndProject
Global
	GlobalSection(SolutionConfigurationPlatforms) = preSolution
		Debug|Any CPU = Debug|Any CPU
		Release|Any CPU = Release|Any CPU
	EndGlobalSection
	GlobalSection(ProjectConfigurationPlatforms) = postSolution
		{498D3624-C2D8-4EB2-B34D-6AD5C8FDA77A}.Debug|Any CPU.ActiveCfg = Debug|Any CPU
		{498D3624-C2D8-4EB2-B34D-6AD5C8FDA77A}.Debug|Any CPU.Build.0 = Debug|Any CPU
		{498D3624-C2D8-4EB2-B34D-6AD5C8FDA77A}.Release|Any CPU.ActiveCfg = Release|Any CPU
		{498D3624-C2D8-4EB2-B34D-6AD5C8FDA77A}.Release|Any CPU.Build.0 = Release|Any CPU
		{2C16A42C-8587-46D1-9AC7-4F4BBED180C5}.Debug|Any CPU.ActiveCfg = Debug|Any CPU
		{2C16A42C-8587-46D1-9AC7-4F4BBED180C5}.Debug|Any CPU.Build.0 = Debug|Any CPU
		{2C16A42C-8587-46D1-9AC7-4F4BBED180C5}.Release|Any CPU.ActiveCfg = Release|Any CPU
		{2C16A42C-8587-46D1-9AC7-4F4BBED180C5}.Release|Any CPU.Build.0 = Release|Any CPU
	EndGlobalSection
	GlobalSection(SolutionProperties) = preSolution
		HideSolutionNode = FALSE
	EndGlobalSection
EndGlobal
